
Microsoft Visual Studio Solution File, Format Version 12.00
# Visual Studio Version 17
VisualStudioVersion = 17.14.36017.23 d17.14
MinimumVisualStudioVersion = 10.0.40219.1
Project("{FAE04EC0-301F-11D3-BF4B-00C04F79EFBC}") = "cp2", "cp2\cp2.csproj", "{39FD757A-B983-4CBC-B4DE-1688D0BC8566}"
EndProject
Global
	GlobalSection(SolutionConfigurationPlatforms) = preSolution
		Debug|Any CPU = Debug|Any CPU
		Release|Any CPU = Release|Any CPU
	EndGlobalSection
	GlobalSection(ProjectConfigurationPlatforms) = postSolution
		{39FD757A-B983-4CBC-B4DE-1688D0BC8566}.Debug|Any CPU.ActiveCfg = Debug|Any CPU
		{39FD757A-B983-4CBC-B4DE-1688D0BC8566}.Debug|Any CPU.Build.0 = Debug|Any CPU
		{39FD757A-B983-4CBC-B4DE-1688D0BC8566}.Release|Any CPU.ActiveCfg = Release|Any CPU
		{39FD757A-B983-4CBC-B4DE-1688D0BC8566}.Release|Any CPU.Build.0 = Release|Any CPU
	EndGlobalSection
	GlobalSection(SolutionProperties) = preSolution
		HideSolutionNode = FALSE
	EndGlobalSection
	GlobalSection(ExtensibilityGlobals) = postSolution
		SolutionGuid = {1A1330E7-C302-4BC7-AAD3-179A92CB2637}
	EndGlobalSection
EndGlobal
